{
  "name": "galleryNpm",
  "version": "1.0.0",
  "lockfileVersion": 1,
  "requires": true,
  "dependencies": {
    "hammerjs": {
      "version": "2.0.8",
      "resolved": "https://registry.npmjs.org/hammerjs/-/hammerjs-2.0.8.tgz",
      "integrity": "sha512-tSQXBXS/MWQOn/RKckawJ61vvsDpCom87JgxiYdGwHdOa0ht0vzUWDlfioofFCRU0L+6NGDt6XzbgoJvZkMeRQ=="
    },
    "tinygallery": {
      "version": "1.1.8",
      "resolved": "https://registry.npmjs.org/tinygallery/-/tinygallery-1.1.8.tgz",
      "integrity": "sha512-HnyyUrfz5HcVkZNBy7Kxxk72awEP6UtU7Z1MtDrhRhRQ2rs0wYW+QZKMoxV8iBMZJ2LGMsNdG/naPyjIZPbmug==",
      "requires": {
        "hammerjs": "^2.0.8"
      }
    }
  }
}
